
Microsoft Visual Studio Solution File, Format Version 12.00
# Visual Studio Version 17
VisualStudioVersion = 17.9.34728.123
MinimumVisualStudioVersion = 10.0.40219.1
Project("{FAE04EC0-301F-11D3-BF4B-00C04F79EFBC}") = "CarRental", "CarRental\CarRental.csproj", "{3B724C7C-A935-4B26-A6B1-1EC0313A7E5A}"
EndProject
Project("{FAE04EC0-301F-11D3-BF4B-00C04F79EFBC}") = "CarRental_BusinessLayer", "CarRental_BusinessLayer\CarRental_BusinessLayer.csproj", "{B55625E1-A996-4149-9CFF-F632AC789FE3}"
EndProject
Project("{FAE04EC0-301F-11D3-BF4B-00C04F79EFBC}") = "CarRental_DataAccess", "CarRental_DataAccess\CarRental_DataAccess.csproj", "{82033103-437B-4CF0-A9B2-10660B36F74B}"
EndProject
Global
	GlobalSection(SolutionConfigurationPlatforms) = preSolution
		Debug|Any CPU = Debug|Any CPU
		Release|Any CPU = Release|Any CPU
	EndGlobalSection
	GlobalSection(ProjectConfigurationPlatforms) = postSolution
		{3B724C7C-A935-4B26-A6B1-1EC0313A7E5A}.Debug|Any CPU.ActiveCfg = Debug|Any CPU
		{3B724C7C-A935-4B26-A6B1-1EC0313A7E5A}.Debug|Any CPU.Build.0 = Debug|Any CPU
		{3B724C7C-A935-4B26-A6B1-1EC0313A7E5A}.Release|Any CPU.ActiveCfg = Release|Any CPU
		{3B724C7C-A935-4B26-A6B1-1EC0313A7E5A}.Release|Any CPU.Build.0 = Release|Any CPU
		{B55625E1-A996-4149-9CFF-F632AC789FE3}.Debug|Any CPU.ActiveCfg = Debug|Any CPU
		{B55625E1-A996-4149-9CFF-F632AC789FE3}.Debug|Any CPU.Build.0 = Debug|Any CPU
		{B55625E1-A996-4149-9CFF-F632AC789FE3}.Release|Any CPU.ActiveCfg = Release|Any CPU
		{B55625E1-A996-4149-9CFF-F632AC789FE3}.Release|Any CPU.Build.0 = Release|Any CPU
		{82033103-437B-4CF0-A9B2-10660B36F74B}.Debug|Any CPU.ActiveCfg = Debug|Any CPU
		{82033103-437B-4CF0-A9B2-10660B36F74B}.Debug|Any CPU.Build.0 = Debug|Any CPU
		{82033103-437B-4CF0-A9B2-10660B36F74B}.Release|Any CPU.ActiveCfg = Release|Any CPU
		{82033103-437B-4CF0-A9B2-10660B36F74B}.Release|Any CPU.Build.0 = Release|Any CPU
	EndGlobalSection
	GlobalSection(SolutionProperties) = preSolution
		HideSolutionNode = FALSE
	EndGlobalSection
	GlobalSection(ExtensibilityGlobals) = postSolution
		SolutionGuid = {8F4DB4F3-7612-4575-BE93-EE10DDFBAC25}
	EndGlobalSection
EndGlobal
